
Microsoft Visual Studio Solution File, Format Version 12.00
# Visual Studio Version 17
VisualStudioVersion = 17.14.36518.9 d17.14
MinimumVisualStudioVersion = 10.0.40219.1
Project("{FAE04EC0-301F-11D3-BF4B-00C04F79EFBC}") = "BeFit", "BeFit\BeFit.csproj", "{5CB9DD81-F200-440E-8BBF-D0C939400CBA}"
EndProject
Global
	GlobalSection(SolutionConfigurationPlatforms) = preSolution
		Debug|Any CPU = Debug|Any CPU
		Release|Any CPU = Release|Any CPU
	EndGlobalSection
	GlobalSection(ProjectConfigurationPlatforms) = postSolution
		{5CB9DD81-F200-440E-8BBF-D0C939400CBA}.Debug|Any CPU.ActiveCfg = Debug|Any CPU
		{5CB9DD81-F200-440E-8BBF-D0C939400CBA}.Debug|Any CPU.Build.0 = Debug|Any CPU
		{5CB9DD81-F200-440E-8BBF-D0C939400CBA}.Release|Any CPU.ActiveCfg = Release|Any CPU
		{5CB9DD81-F200-440E-8BBF-D0C939400CBA}.Release|Any CPU.Build.0 = Release|Any CPU
	EndGlobalSection
	GlobalSection(SolutionProperties) = preSolution
		HideSolutionNode = FALSE
	EndGlobalSection
	GlobalSection(ExtensibilityGlobals) = postSolution
		SolutionGuid = {43A685B0-7919-4BC2-9397-1E6C1C3DDDE1}
	EndGlobalSection
EndGlobal
